{
  "name": "tryingparcel",
  "version": "0.0.1",
  "lockfileVersion": 1,
  "requires": true,
  "dependencies": {
    "@types/file-saver": {
      "version": "2.0.0",
      "resolved": "https://registry.npmjs.org/@types/file-saver/-/file-saver-2.0.0.tgz",
      "integrity": "sha512-dxdRrUov2HVTbSRFX+7xwUPlbGYVEZK6PrSqClg2QPos3PNe0bCajkDDkDeeC1znjSH03KOEqVbXpnJuWa2wgQ==",
      "dev": true
    },
    "file-saver": {
      "version": "2.0.1",
      "resolved": "https://registry.npmjs.org/file-saver/-/file-saver-2.0.1.tgz",
      "integrity": "sha512-dCB3K7/BvAcUmtmh1DzFdv0eXSVJ9IAFt1mw3XZfAexodNRoE29l3xB2EX4wH2q8m/UTzwzEPq/ArYk98kUkBQ=="
    },
    "typescript": {
      "version": "3.4.5",
      "resolved": "https://registry.npmjs.org/typescript/-/typescript-3.4.5.tgz",
      "integrity": "sha512-YycBxUb49UUhdNMU5aJ7z5Ej2XGmaIBL0x34vZ82fn3hGvD+bgrMrVDpatgz2f7YxUMJxMkbWxJZeAvDxVe7Vw==",
      "dev": true
    }
  }
}
